
Microsoft Visual Studio Solution File, Format Version 12.00
# Visual Studio Version 16
VisualStudioVersion = 16.0.30011.22
MinimumVisualStudioVersion = 10.0.40219.1
Project("{9A19103F-16F7-4668-BE54-9A1E7A4F7556}") = "AppCadastro.Domain", "AppCadastro.Domain\AppCadastro.Domain.csproj", "{A9D47B32-1BE1-4C99-B032-3E2BDDE71B5B}"
EndProject
Project("{FAE04EC0-301F-11D3-BF4B-00C04F79EFBC}") = "AppCadasatro.Tests", "AppCadasatro.Tests\AppCadasatro.Tests.csproj", "{4E6317D1-829A-43A4-A6CB-1666CEEC32B0}"
EndProject
Project("{FAE04EC0-301F-11D3-BF4B-00C04F79EFBC}") = "AppCadastro.Api", "AppCadastro.Api\AppCadastro.Api.csproj", "{8AD9E3F0-B679-452A-AB0A-ACF6F3F538D7}"
EndProject
Project("{2150E333-8FDC-42A3-9474-1A3956D46DE8}") = "src", "src", "{6A1CC087-D5E6-4192-BEF8-D3B066192886}"
EndProject
Project("{2150E333-8FDC-42A3-9474-1A3956D46DE8}") = "tests", "tests", "{A2BB1E89-909B-41EF-B20B-0F12DBBCDCAA}"
EndProject
Global
	GlobalSection(SolutionConfigurationPlatforms) = preSolution
		Debug|Any CPU = Debug|Any CPU
		Release|Any CPU = Release|Any CPU
	EndGlobalSection
	GlobalSection(ProjectConfigurationPlatforms) = postSolution
		{A9D47B32-1BE1-4C99-B032-3E2BDDE71B5B}.Debug|Any CPU.ActiveCfg = Debug|Any CPU
		{A9D47B32-1BE1-4C99-B032-3E2BDDE71B5B}.Debug|Any CPU.Build.0 = Debug|Any CPU
		{A9D47B32-1BE1-4C99-B032-3E2BDDE71B5B}.Release|Any CPU.ActiveCfg = Release|Any CPU
		{A9D47B32-1BE1-4C99-B032-3E2BDDE71B5B}.Release|Any CPU.Build.0 = Release|Any CPU
		{4E6317D1-829A-43A4-A6CB-1666CEEC32B0}.Debug|Any CPU.ActiveCfg = Debug|Any CPU
		{4E6317D1-829A-43A4-A6CB-1666CEEC32B0}.Debug|Any CPU.Build.0 = Debug|Any CPU
		{4E6317D1-829A-43A4-A6CB-1666CEEC32B0}.Release|Any CPU.ActiveCfg = Release|Any CPU
		{4E6317D1-829A-43A4-A6CB-1666CEEC32B0}.Release|Any CPU.Build.0 = Release|Any CPU
		{8AD9E3F0-B679-452A-AB0A-ACF6F3F538D7}.Debug|Any CPU.ActiveCfg = Debug|Any CPU
		{8AD9E3F0-B679-452A-AB0A-ACF6F3F538D7}.Debug|Any CPU.Build.0 = Debug|Any CPU
		{8AD9E3F0-B679-452A-AB0A-ACF6F3F538D7}.Release|Any CPU.ActiveCfg = Release|Any CPU
		{8AD9E3F0-B679-452A-AB0A-ACF6F3F538D7}.Release|Any CPU.Build.0 = Release|Any CPU
	EndGlobalSection
	GlobalSection(SolutionProperties) = preSolution
		HideSolutionNode = FALSE
	EndGlobalSection
	GlobalSection(NestedProjects) = preSolution
		{A9D47B32-1BE1-4C99-B032-3E2BDDE71B5B} = {6A1CC087-D5E6-4192-BEF8-D3B066192886}
		{4E6317D1-829A-43A4-A6CB-1666CEEC32B0} = {A2BB1E89-909B-41EF-B20B-0F12DBBCDCAA}
		{8AD9E3F0-B679-452A-AB0A-ACF6F3F538D7} = {6A1CC087-D5E6-4192-BEF8-D3B066192886}
	EndGlobalSection
	GlobalSection(ExtensibilityGlobals) = postSolution
		SolutionGuid = {5B9D60A0-3546-43E6-AFE6-02D68A04C69F}
	EndGlobalSection
EndGlobal
